
Microsoft Visual Studio Solution File, Format Version 12.00
# Visual Studio Version 16
VisualStudioVersion = 16.0.31005.135
MinimumVisualStudioVersion = 10.0.40219.1
Project("{FAE04EC0-301F-11D3-BF4B-00C04F79EFBC}") = "Bugtracker", "Bugtracker.csproj", "{1F82BDEE-0A3C-4724-9811-61F7057CE584}"
EndProject
Global
	GlobalSection(SolutionConfigurationPlatforms) = preSolution
		Debug|Any CPU = Debug|Any CPU
		Release|Any CPU = Release|Any CPU
	EndGlobalSection
	GlobalSection(ProjectConfigurationPlatforms) = postSolution
		{1F82BDEE-0A3C-4724-9811-61F7057CE584}.Debug|Any CPU.ActiveCfg = Debug|Any CPU
		{1F82BDEE-0A3C-4724-9811-61F7057CE584}.Debug|Any CPU.Build.0 = Debug|Any CPU
		{1F82BDEE-0A3C-4724-9811-61F7057CE584}.Release|Any CPU.ActiveCfg = Release|Any CPU
		{1F82BDEE-0A3C-4724-9811-61F7057CE584}.Release|Any CPU.Build.0 = Release|Any CPU
	EndGlobalSection
	GlobalSection(SolutionProperties) = preSolution
		HideSolutionNode = FALSE
	EndGlobalSection
	GlobalSection(ExtensibilityGlobals) = postSolution
		SolutionGuid = {97E846FA-6196-4B57-8353-FBD8DDFA47E3}
	EndGlobalSection
EndGlobal
